
Microsoft Visual Studio Solution File, Format Version 12.00
# Visual Studio 15
VisualStudioVersion = 15.0.27130.2010
MinimumVisualStudioVersion = 10.0.40219.1
Project("{9A19103F-16F7-4668-BE54-9A1E7A4F7556}") = "Demo", "Demo\Demo.csproj", "{C90C20AA-0816-4597-9F2E-9A43DAE4C7EB}"
EndProject
Project("{9A19103F-16F7-4668-BE54-9A1E7A4F7556}") = "WebApiClientTest", "WebApiClientTest\WebApiClientTest.csproj", "{EC44EE7E-468E-4781-9060-26B85505125F}"
EndProject
Project("{9A19103F-16F7-4668-BE54-9A1E7A4F7556}") = "WebApiClient.AOT.Task", "WebApiClient.AOT.Task\WebApiClient.AOT.Task.csproj", "{FC1F47D6-2A0A-43A0-B0E5-646708BA2687}"
EndProject
Project("{9A19103F-16F7-4668-BE54-9A1E7A4F7556}") = "WebApiClient", "WebApiClient\WebApiClient.csproj", "{FB40E778-D36D-4A1A-A527-D3A7FC028D4B}"
EndProject
Project("{2150E333-8FDC-42A3-9474-1A3956D46DE8}") = "Solution Items", "Solution Items", "{3F0E061C-F247-4743-8A9D-4B538C2A72AC}"
	ProjectSection(SolutionItems) = preProject
		nuget.build.bat = nuget.build.bat
	EndProjectSection
EndProject
Global
	GlobalSection(SolutionConfigurationPlatforms) = preSolution
		AOT_Debug|Any CPU = AOT_Debug|Any CPU
		AOT_Debug|ARM = AOT_Debug|ARM
		AOT_Debug|x64 = AOT_Debug|x64
		AOT_Debug|x86 = AOT_Debug|x86
		AOT_Release|Any CPU = AOT_Release|Any CPU
		AOT_Release|ARM = AOT_Release|ARM
		AOT_Release|x64 = AOT_Release|x64
		AOT_Release|x86 = AOT_Release|x86
		JIT_Debug|Any CPU = JIT_Debug|Any CPU
		JIT_Debug|ARM = JIT_Debug|ARM
		JIT_Debug|x64 = JIT_Debug|x64
		JIT_Debug|x86 = JIT_Debug|x86
		JIT_Release|Any CPU = JIT_Release|Any CPU
		JIT_Release|ARM = JIT_Release|ARM
		JIT_Release|x64 = JIT_Release|x64
		JIT_Release|x86 = JIT_Release|x86
	EndGlobalSection
	GlobalSection(ProjectConfigurationPlatforms) = postSolution
		{C90C20AA-0816-4597-9F2E-9A43DAE4C7EB}.AOT_Debug|Any CPU.ActiveCfg = Debug|Any CPU
		{C90C20AA-0816-4597-9F2E-9A43DAE4C7EB}.AOT_Debug|ARM.ActiveCfg = Debug|Any CPU
		{C90C20AA-0816-4597-9F2E-9A43DAE4C7EB}.AOT_Debug|x64.ActiveCfg = Debug|Any CPU
		{C90C20AA-0816-4597-9F2E-9A43DAE4C7EB}.AOT_Debug|x86.ActiveCfg = Debug|Any CPU
		{C90C20AA-0816-4597-9F2E-9A43DAE4C7EB}.AOT_Release|Any CPU.ActiveCfg = Release|Any CPU
		{C90C20AA-0816-4597-9F2E-9A43DAE4C7EB}.AOT_Release|ARM.ActiveCfg = Release|Any CPU
		{C90C20AA-0816-4597-9F2E-9A43DAE4C7EB}.AOT_Release|x64.ActiveCfg = Release|Any CPU
		{C90C20AA-0816-4597-9F2E-9A43DAE4C7EB}.AOT_Release|x86.ActiveCfg = Release|Any CPU
		{C90C20AA-0816-4597-9F2E-9A43DAE4C7EB}.JIT_Debug|Any CPU.ActiveCfg = Debug|Any CPU
		{C90C20AA-0816-4597-9F2E-9A43DAE4C7EB}.JIT_Debug|Any CPU.Build.0 = Debug|Any CPU
		{C90C20AA-0816-4597-9F2E-9A43DAE4C7EB}.JIT_Debug|ARM.ActiveCfg = Debug|Any CPU
		{C90C20AA-0816-4597-9F2E-9A43DAE4C7EB}.JIT_Debug|x64.ActiveCfg = Debug|Any CPU
		{C90C20AA-0816-4597-9F2E-9A43DAE4C7EB}.JIT_Debug|x86.ActiveCfg = Debug|Any CPU
		{C90C20AA-0816-4597-9F2E-9A43DAE4C7EB}.JIT_Release|Any CPU.ActiveCfg = Release|Any CPU
		{C90C20AA-0816-4597-9F2E-9A43DAE4C7EB}.JIT_Release|Any CPU.Build.0 = Release|Any CPU
		{C90C20AA-0816-4597-9F2E-9A43DAE4C7EB}.JIT_Release|ARM.ActiveCfg = Release|Any CPU
		{C90C20AA-0816-4597-9F2E-9A43DAE4C7EB}.JIT_Release|x64.ActiveCfg = Release|Any CPU
		{C90C20AA-0816-4597-9F2E-9A43DAE4C7EB}.JIT_Release|x86.ActiveCfg = Release|Any CPU
		{EC44EE7E-468E-4781-9060-26B85505125F}.AOT_Debug|Any CPU.ActiveCfg = AOT|Any CPU
		{EC44EE7E-468E-4781-9060-26B85505125F}.AOT_Debug|Any CPU.Build.0 = AOT|Any CPU
		{EC44EE7E-468E-4781-9060-26B85505125F}.AOT_Debug|ARM.ActiveCfg = AOT|Any CPU
		{EC44EE7E-468E-4781-9060-26B85505125F}.AOT_Debug|ARM.Build.0 = AOT|Any CPU
		{EC44EE7E-468E-4781-9060-26B85505125F}.AOT_Debug|x64.ActiveCfg = AOT|Any CPU
		{EC44EE7E-468E-4781-9060-26B85505125F}.AOT_Debug|x64.Build.0 = AOT|Any CPU
		{EC44EE7E-468E-4781-9060-26B85505125F}.AOT_Debug|x86.ActiveCfg = AOT|Any CPU
		{EC44EE7E-468E-4781-9060-26B85505125F}.AOT_Debug|x86.Build.0 = AOT|Any CPU
		{EC44EE7E-468E-4781-9060-26B85505125F}.AOT_Release|Any CPU.ActiveCfg = AOT|Any CPU
		{EC44EE7E-468E-4781-9060-26B85505125F}.AOT_Release|Any CPU.Build.0 = AOT|Any CPU
		{EC44EE7E-468E-4781-9060-26B85505125F}.AOT_Release|ARM.ActiveCfg = AOT|Any CPU
		{EC44EE7E-468E-4781-9060-26B85505125F}.AOT_Release|ARM.Build.0 = AOT|Any CPU
		{EC44EE7E-468E-4781-9060-26B85505125F}.AOT_Release|x64.ActiveCfg = AOT|Any CPU
		{EC44EE7E-468E-4781-9060-26B85505125F}.AOT_Release|x64.Build.0 = AOT|Any CPU
		{EC44EE7E-468E-4781-9060-26B85505125F}.AOT_Release|x86.ActiveCfg = AOT|Any CPU
		{EC44EE7E-468E-4781-9060-26B85505125F}.AOT_Release|x86.Build.0 = AOT|Any CPU
		{EC44EE7E-468E-4781-9060-26B85505125F}.JIT_Debug|Any CPU.ActiveCfg = JIT|Any CPU
		{EC44EE7E-468E-4781-9060-26B85505125F}.JIT_Debug|Any CPU.Build.0 = JIT|Any CPU
		{EC44EE7E-468E-4781-9060-26B85505125F}.JIT_Debug|ARM.ActiveCfg = JIT|Any CPU
		{EC44EE7E-468E-4781-9060-26B85505125F}.JIT_Debug|ARM.Build.0 = JIT|Any CPU
		{EC44EE7E-468E-4781-9060-26B85505125F}.JIT_Debug|x64.ActiveCfg = JIT|Any CPU
		{EC44EE7E-468E-4781-9060-26B85505125F}.JIT_Debug|x64.Build.0 = JIT|Any CPU
		{EC44EE7E-468E-4781-9060-26B85505125F}.JIT_Debug|x86.ActiveCfg = JIT|Any CPU
		{EC44EE7E-468E-4781-9060-26B85505125F}.JIT_Debug|x86.Build.0 = JIT|Any CPU
		{EC44EE7E-468E-4781-9060-26B85505125F}.JIT_Release|Any CPU.ActiveCfg = JIT|Any CPU
		{EC44EE7E-468E-4781-9060-26B85505125F}.JIT_Release|Any CPU.Build.0 = JIT|Any CPU
		{EC44EE7E-468E-4781-9060-26B85505125F}.JIT_Release|ARM.ActiveCfg = JIT|Any CPU
		{EC44EE7E-468E-4781-9060-26B85505125F}.JIT_Release|ARM.Build.0 = JIT|Any CPU
		{EC44EE7E-468E-4781-9060-26B85505125F}.JIT_Release|x64.ActiveCfg = JIT|Any CPU
		{EC44EE7E-468E-4781-9060-26B85505125F}.JIT_Release|x64.Build.0 = JIT|Any CPU
		{EC44EE7E-468E-4781-9060-26B85505125F}.JIT_Release|x86.ActiveCfg = JIT|Any CPU
		{EC44EE7E-468E-4781-9060-26B85505125F}.JIT_Release|x86.Build.0 = JIT|Any CPU
		{FC1F47D6-2A0A-43A0-B0E5-646708BA2687}.AOT_Debug|Any CPU.ActiveCfg = AOT_Debug|Any CPU
		{FC1F47D6-2A0A-43A0-B0E5-646708BA2687}.AOT_Debug|Any CPU.Build.0 = AOT_Debug|Any CPU
		{FC1F47D6-2A0A-43A0-B0E5-646708BA2687}.AOT_Debug|ARM.ActiveCfg = AOT_Debug|Any CPU
		{FC1F47D6-2A0A-43A0-B0E5-646708BA2687}.AOT_Debug|ARM.Build.0 = AOT_Debug|Any CPU
		{FC1F47D6-2A0A-43A0-B0E5-646708BA2687}.AOT_Debug|x64.ActiveCfg = AOT_Debug|Any CPU
		{FC1F47D6-2A0A-43A0-B0E5-646708BA2687}.AOT_Debug|x64.Build.0 = AOT_Debug|Any CPU
		{FC1F47D6-2A0A-43A0-B0E5-646708BA2687}.AOT_Debug|x86.ActiveCfg = AOT_Debug|Any CPU
		{FC1F47D6-2A0A-43A0-B0E5-646708BA2687}.AOT_Debug|x86.Build.0 = AOT_Debug|Any CPU
		{FC1F47D6-2A0A-43A0-B0E5-646708BA2687}.AOT_Release|Any CPU.ActiveCfg = AOT_Release|Any CPU
		{FC1F47D6-2A0A-43A0-B0E5-646708BA2687}.AOT_Release|Any CPU.Build.0 = AOT_Release|Any CPU
		{FC1F47D6-2A0A-43A0-B0E5-646708BA2687}.AOT_Release|ARM.ActiveCfg = AOT_Release|Any CPU
		{FC1F47D6-2A0A-43A0-B0E5-646708BA2687}.AOT_Release|ARM.Build.0 = AOT_Release|Any CPU
		{FC1F47D6-2A0A-43A0-B0E5-646708BA2687}.AOT_Release|x64.ActiveCfg = AOT_Release|Any CPU
		{FC1F47D6-2A0A-43A0-B0E5-646708BA2687}.AOT_Release|x64.Build.0 = AOT_Release|Any CPU
		{FC1F47D6-2A0A-43A0-B0E5-646708BA2687}.AOT_Release|x86.ActiveCfg = AOT_Release|Any CPU
		{FC1F47D6-2A0A-43A0-B0E5-646708BA2687}.AOT_Release|x86.Build.0 = AOT_Release|Any CPU
		{FC1F47D6-2A0A-43A0-B0E5-646708BA2687}.JIT_Debug|Any CPU.ActiveCfg = AOT_Debug|Any CPU
		{FC1F47D6-2A0A-43A0-B0E5-646708BA2687}.JIT_Debug|ARM.ActiveCfg = AOT_Release|Any CPU
		{FC1F47D6-2A0A-43A0-B0E5-646708BA2687}.JIT_Debug|ARM.Build.0 = AOT_Release|Any CPU
		{FC1F47D6-2A0A-43A0-B0E5-646708BA2687}.JIT_Debug|x64.ActiveCfg = AOT_Release|Any CPU
		{FC1F47D6-2A0A-43A0-B0E5-646708BA2687}.JIT_Debug|x64.Build.0 = AOT_Release|Any CPU
		{FC1F47D6-2A0A-43A0-B0E5-646708BA2687}.JIT_Debug|x86.ActiveCfg = AOT_Release|Any CPU
		{FC1F47D6-2A0A-43A0-B0E5-646708BA2687}.JIT_Debug|x86.Build.0 = AOT_Release|Any CPU
		{FC1F47D6-2A0A-43A0-B0E5-646708BA2687}.JIT_Release|Any CPU.ActiveCfg = AOT_Release|Any CPU
		{FC1F47D6-2A0A-43A0-B0E5-646708BA2687}.JIT_Release|ARM.ActiveCfg = AOT_Release|Any CPU
		{FC1F47D6-2A0A-43A0-B0E5-646708BA2687}.JIT_Release|ARM.Build.0 = AOT_Release|Any CPU
		{FC1F47D6-2A0A-43A0-B0E5-646708BA2687}.JIT_Release|x64.ActiveCfg = AOT_Release|Any CPU
		{FC1F47D6-2A0A-43A0-B0E5-646708BA2687}.JIT_Release|x64.Build.0 = AOT_Release|Any CPU
		{FC1F47D6-2A0A-43A0-B0E5-646708BA2687}.JIT_Release|x86.ActiveCfg = AOT_Release|Any CPU
		{FC1F47D6-2A0A-43A0-B0E5-646708BA2687}.JIT_Release|x86.Build.0 = AOT_Release|Any CPU
		{FB40E778-D36D-4A1A-A527-D3A7FC028D4B}.AOT_Debug|Any CPU.ActiveCfg = AOT_Debug|Any CPU
		{FB40E778-D36D-4A1A-A527-D3A7FC028D4B}.AOT_Debug|Any CPU.Build.0 = AOT_Debug|Any CPU
		{FB40E778-D36D-4A1A-A527-D3A7FC028D4B}.AOT_Debug|ARM.ActiveCfg = AOT_Debug|Any CPU
		{FB40E778-D36D-4A1A-A527-D3A7FC028D4B}.AOT_Debug|ARM.Build.0 = AOT_Debug|Any CPU
		{FB40E778-D36D-4A1A-A527-D3A7FC028D4B}.AOT_Debug|x64.ActiveCfg = AOT_Debug|Any CPU
		{FB40E778-D36D-4A1A-A527-D3A7FC028D4B}.AOT_Debug|x64.Build.0 = AOT_Debug|Any CPU
		{FB40E778-D36D-4A1A-A527-D3A7FC028D4B}.AOT_Debug|x86.ActiveCfg = AOT_Debug|Any CPU
		{FB40E778-D36D-4A1A-A527-D3A7FC028D4B}.AOT_Debug|x86.Build.0 = AOT_Debug|Any CPU
		{FB40E778-D36D-4A1A-A527-D3A7FC028D4B}.AOT_Release|Any CPU.ActiveCfg = AOT_Release|Any CPU
		{FB40E778-D36D-4A1A-A527-D3A7FC028D4B}.AOT_Release|Any CPU.Build.0 = AOT_Release|Any CPU
		{FB40E778-D36D-4A1A-A527-D3A7FC028D4B}.AOT_Release|ARM.ActiveCfg = AOT_Release|Any CPU
		{FB40E778-D36D-4A1A-A527-D3A7FC028D4B}.AOT_Release|ARM.Build.0 = AOT_Release|Any CPU
		{FB40E778-D36D-4A1A-A527-D3A7FC028D4B}.AOT_Release|x64.ActiveCfg = AOT_Release|Any CPU
		{FB40E778-D36D-4A1A-A527-D3A7FC028D4B}.AOT_Release|x64.Build.0 = AOT_Release|Any CPU
		{FB40E778-D36D-4A1A-A527-D3A7FC028D4B}.AOT_Release|x86.ActiveCfg = AOT_Release|Any CPU
		{FB40E778-D36D-4A1A-A527-D3A7FC028D4B}.AOT_Release|x86.Build.0 = AOT_Release|Any CPU
		{FB40E778-D36D-4A1A-A527-D3A7FC028D4B}.JIT_Debug|Any CPU.ActiveCfg = JIT_Debug|Any CPU
		{FB40E778-D36D-4A1A-A527-D3A7FC028D4B}.JIT_Debug|Any CPU.Build.0 = JIT_Debug|Any CPU
		{FB40E778-D36D-4A1A-A527-D3A7FC028D4B}.JIT_Debug|ARM.ActiveCfg = JIT_Debug|Any CPU
		{FB40E778-D36D-4A1A-A527-D3A7FC028D4B}.JIT_Debug|ARM.Build.0 = JIT_Debug|Any CPU
		{FB40E778-D36D-4A1A-A527-D3A7FC028D4B}.JIT_Debug|x64.ActiveCfg = JIT_Debug|Any CPU
		{FB40E778-D36D-4A1A-A527-D3A7FC028D4B}.JIT_Debug|x64.Build.0 = JIT_Debug|Any CPU
		{FB40E778-D36D-4A1A-A527-D3A7FC028D4B}.JIT_Debug|x86.ActiveCfg = JIT_Debug|Any CPU
		{FB40E778-D36D-4A1A-A527-D3A7FC028D4B}.JIT_Debug|x86.Build.0 = JIT_Debug|Any CPU
		{FB40E778-D36D-4A1A-A527-D3A7FC028D4B}.JIT_Release|Any CPU.ActiveCfg = JIT_Release|Any CPU
		{FB40E778-D36D-4A1A-A527-D3A7FC028D4B}.JIT_Release|Any CPU.Build.0 = JIT_Release|Any CPU
		{FB40E778-D36D-4A1A-A527-D3A7FC028D4B}.JIT_Release|ARM.ActiveCfg = JIT_Release|Any CPU
		{FB40E778-D36D-4A1A-A527-D3A7FC028D4B}.JIT_Release|ARM.Build.0 = JIT_Release|Any CPU
		{FB40E778-D36D-4A1A-A527-D3A7FC028D4B}.JIT_Release|x64.ActiveCfg = JIT_Release|Any CPU
		{FB40E778-D36D-4A1A-A527-D3A7FC028D4B}.JIT_Release|x64.Build.0 = JIT_Release|Any CPU
		{FB40E778-D36D-4A1A-A527-D3A7FC028D4B}.JIT_Release|x86.ActiveCfg = JIT_Release|Any CPU
		{FB40E778-D36D-4A1A-A527-D3A7FC028D4B}.JIT_Release|x86.Build.0 = JIT_Release|Any CPU
	EndGlobalSection
	GlobalSection(SolutionProperties) = preSolution
		HideSolutionNode = FALSE
	EndGlobalSection
	GlobalSection(ExtensibilityGlobals) = postSolution
		SolutionGuid = {193F6610-E8DC-4B32-B18B-400E0A62D607}
	EndGlobalSection
EndGlobal
