
Microsoft Visual Studio Solution File, Format Version 12.00
# Visual Studio 15
VisualStudioVersion = 15.0.27130.2010
MinimumVisualStudioVersion = 10.0.40219.1
Project("{9A19103F-16F7-4668-BE54-9A1E7A4F7556}") = "Demo", "Demo\Demo.csproj", "{C90C20AA-0816-4597-9F2E-9A43DAE4C7EB}"
EndProject
Project("{9A19103F-16F7-4668-BE54-9A1E7A4F7556}") = "WebApiClientTest", "WebApiClientTest\WebApiClientTest.csproj", "{EC44EE7E-468E-4781-9060-26B85505125F}"
EndProject
Project("{9A19103F-16F7-4668-BE54-9A1E7A4F7556}") = "ProxyGenarater", "ProxyGenarater\ProxyGenarater.csproj", "{7238CE95-E20E-4085-AA1B-42C6CE89CC6B}"
EndProject
Project("{9A19103F-16F7-4668-BE54-9A1E7A4F7556}") = "WebApiClient.Core", "WebApiClient.Core\WebApiClient.Core.csproj", "{CB95E2DC-2912-4184-9697-6CEB92F2220C}"
EndProject
Project("{9A19103F-16F7-4668-BE54-9A1E7A4F7556}") = "WebApiClient.Abstract", "WebApiClient.Abstract\WebApiClient.Abstract.csproj", "{454327D5-43C8-4F04-8381-40C356395255}"
EndProject
Project("{9A19103F-16F7-4668-BE54-9A1E7A4F7556}") = "WebApiClient.JIT", "WebApiClient.JIT\WebApiClient.JIT.csproj", "{F24ACEDB-8994-4F0B-866B-D5F41C7F2852}"
EndProject
Project("{9A19103F-16F7-4668-BE54-9A1E7A4F7556}") = "WebApiClient.AOT", "WebApiClient.AOT\WebApiClient.AOT.csproj", "{40D93F7B-76C4-44F6-B0E6-0CB45AB555A7}"
EndProject
Project("{FAE04EC0-301F-11D3-BF4B-00C04F79EFBC}") = "WebApiClient.AOT.Task", "WebApiClient.AOT.Task\WebApiClient.AOT.Task.csproj", "{FC1F47D6-2A0A-43A0-B0E5-646708BA2687}"
EndProject
Global
	GlobalSection(SolutionConfigurationPlatforms) = preSolution
		Debug|Any CPU = Debug|Any CPU
		Debug|ARM = Debug|ARM
		Debug|x64 = Debug|x64
		Debug|x86 = Debug|x86
		Release|Any CPU = Release|Any CPU
		Release|ARM = Release|ARM
		Release|x64 = Release|x64
		Release|x86 = Release|x86
	EndGlobalSection
	GlobalSection(ProjectConfigurationPlatforms) = postSolution
		{C90C20AA-0816-4597-9F2E-9A43DAE4C7EB}.Debug|Any CPU.ActiveCfg = Debug|Any CPU
		{C90C20AA-0816-4597-9F2E-9A43DAE4C7EB}.Debug|Any CPU.Build.0 = Debug|Any CPU
		{C90C20AA-0816-4597-9F2E-9A43DAE4C7EB}.Debug|ARM.ActiveCfg = Debug|Any CPU
		{C90C20AA-0816-4597-9F2E-9A43DAE4C7EB}.Debug|ARM.Build.0 = Debug|Any CPU
		{C90C20AA-0816-4597-9F2E-9A43DAE4C7EB}.Debug|x64.ActiveCfg = Debug|Any CPU
		{C90C20AA-0816-4597-9F2E-9A43DAE4C7EB}.Debug|x64.Build.0 = Debug|Any CPU
		{C90C20AA-0816-4597-9F2E-9A43DAE4C7EB}.Debug|x86.ActiveCfg = Debug|Any CPU
		{C90C20AA-0816-4597-9F2E-9A43DAE4C7EB}.Debug|x86.Build.0 = Debug|Any CPU
		{C90C20AA-0816-4597-9F2E-9A43DAE4C7EB}.Release|Any CPU.ActiveCfg = Release|Any CPU
		{C90C20AA-0816-4597-9F2E-9A43DAE4C7EB}.Release|Any CPU.Build.0 = Release|Any CPU
		{C90C20AA-0816-4597-9F2E-9A43DAE4C7EB}.Release|ARM.ActiveCfg = Release|Any CPU
		{C90C20AA-0816-4597-9F2E-9A43DAE4C7EB}.Release|ARM.Build.0 = Release|Any CPU
		{C90C20AA-0816-4597-9F2E-9A43DAE4C7EB}.Release|x64.ActiveCfg = Release|Any CPU
		{C90C20AA-0816-4597-9F2E-9A43DAE4C7EB}.Release|x64.Build.0 = Release|Any CPU
		{C90C20AA-0816-4597-9F2E-9A43DAE4C7EB}.Release|x86.ActiveCfg = Release|Any CPU
		{C90C20AA-0816-4597-9F2E-9A43DAE4C7EB}.Release|x86.Build.0 = Release|Any CPU
		{EC44EE7E-468E-4781-9060-26B85505125F}.Debug|Any CPU.ActiveCfg = Debug|Any CPU
		{EC44EE7E-468E-4781-9060-26B85505125F}.Debug|Any CPU.Build.0 = Debug|Any CPU
		{EC44EE7E-468E-4781-9060-26B85505125F}.Debug|ARM.ActiveCfg = Debug|Any CPU
		{EC44EE7E-468E-4781-9060-26B85505125F}.Debug|ARM.Build.0 = Debug|Any CPU
		{EC44EE7E-468E-4781-9060-26B85505125F}.Debug|x64.ActiveCfg = Debug|Any CPU
		{EC44EE7E-468E-4781-9060-26B85505125F}.Debug|x64.Build.0 = Debug|Any CPU
		{EC44EE7E-468E-4781-9060-26B85505125F}.Debug|x86.ActiveCfg = Debug|Any CPU
		{EC44EE7E-468E-4781-9060-26B85505125F}.Debug|x86.Build.0 = Debug|Any CPU
		{EC44EE7E-468E-4781-9060-26B85505125F}.Release|Any CPU.ActiveCfg = Release|Any CPU
		{EC44EE7E-468E-4781-9060-26B85505125F}.Release|Any CPU.Build.0 = Release|Any CPU
		{EC44EE7E-468E-4781-9060-26B85505125F}.Release|ARM.ActiveCfg = Release|Any CPU
		{EC44EE7E-468E-4781-9060-26B85505125F}.Release|ARM.Build.0 = Release|Any CPU
		{EC44EE7E-468E-4781-9060-26B85505125F}.Release|x64.ActiveCfg = Release|Any CPU
		{EC44EE7E-468E-4781-9060-26B85505125F}.Release|x64.Build.0 = Release|Any CPU
		{EC44EE7E-468E-4781-9060-26B85505125F}.Release|x86.ActiveCfg = Release|Any CPU
		{EC44EE7E-468E-4781-9060-26B85505125F}.Release|x86.Build.0 = Release|Any CPU
		{7238CE95-E20E-4085-AA1B-42C6CE89CC6B}.Debug|Any CPU.ActiveCfg = Debug|Any CPU
		{7238CE95-E20E-4085-AA1B-42C6CE89CC6B}.Debug|Any CPU.Build.0 = Debug|Any CPU
		{7238CE95-E20E-4085-AA1B-42C6CE89CC6B}.Debug|ARM.ActiveCfg = Debug|Any CPU
		{7238CE95-E20E-4085-AA1B-42C6CE89CC6B}.Debug|ARM.Build.0 = Debug|Any CPU
		{7238CE95-E20E-4085-AA1B-42C6CE89CC6B}.Debug|x64.ActiveCfg = Debug|Any CPU
		{7238CE95-E20E-4085-AA1B-42C6CE89CC6B}.Debug|x64.Build.0 = Debug|Any CPU
		{7238CE95-E20E-4085-AA1B-42C6CE89CC6B}.Debug|x86.ActiveCfg = Debug|Any CPU
		{7238CE95-E20E-4085-AA1B-42C6CE89CC6B}.Debug|x86.Build.0 = Debug|Any CPU
		{7238CE95-E20E-4085-AA1B-42C6CE89CC6B}.Release|Any CPU.ActiveCfg = Release|Any CPU
		{7238CE95-E20E-4085-AA1B-42C6CE89CC6B}.Release|Any CPU.Build.0 = Release|Any CPU
		{7238CE95-E20E-4085-AA1B-42C6CE89CC6B}.Release|ARM.ActiveCfg = Release|Any CPU
		{7238CE95-E20E-4085-AA1B-42C6CE89CC6B}.Release|ARM.Build.0 = Release|Any CPU
		{7238CE95-E20E-4085-AA1B-42C6CE89CC6B}.Release|x64.ActiveCfg = Release|Any CPU
		{7238CE95-E20E-4085-AA1B-42C6CE89CC6B}.Release|x64.Build.0 = Release|Any CPU
		{7238CE95-E20E-4085-AA1B-42C6CE89CC6B}.Release|x86.ActiveCfg = Release|Any CPU
		{7238CE95-E20E-4085-AA1B-42C6CE89CC6B}.Release|x86.Build.0 = Release|Any CPU
		{CB95E2DC-2912-4184-9697-6CEB92F2220C}.Debug|Any CPU.ActiveCfg = Debug|Any CPU
		{CB95E2DC-2912-4184-9697-6CEB92F2220C}.Debug|Any CPU.Build.0 = Debug|Any CPU
		{CB95E2DC-2912-4184-9697-6CEB92F2220C}.Debug|ARM.ActiveCfg = Debug|Any CPU
		{CB95E2DC-2912-4184-9697-6CEB92F2220C}.Debug|ARM.Build.0 = Debug|Any CPU
		{CB95E2DC-2912-4184-9697-6CEB92F2220C}.Debug|x64.ActiveCfg = Debug|Any CPU
		{CB95E2DC-2912-4184-9697-6CEB92F2220C}.Debug|x64.Build.0 = Debug|Any CPU
		{CB95E2DC-2912-4184-9697-6CEB92F2220C}.Debug|x86.ActiveCfg = Debug|Any CPU
		{CB95E2DC-2912-4184-9697-6CEB92F2220C}.Debug|x86.Build.0 = Debug|Any CPU
		{CB95E2DC-2912-4184-9697-6CEB92F2220C}.Release|Any CPU.ActiveCfg = Release|Any CPU
		{CB95E2DC-2912-4184-9697-6CEB92F2220C}.Release|Any CPU.Build.0 = Release|Any CPU
		{CB95E2DC-2912-4184-9697-6CEB92F2220C}.Release|ARM.ActiveCfg = Release|Any CPU
		{CB95E2DC-2912-4184-9697-6CEB92F2220C}.Release|ARM.Build.0 = Release|Any CPU
		{CB95E2DC-2912-4184-9697-6CEB92F2220C}.Release|x64.ActiveCfg = Release|Any CPU
		{CB95E2DC-2912-4184-9697-6CEB92F2220C}.Release|x64.Build.0 = Release|Any CPU
		{CB95E2DC-2912-4184-9697-6CEB92F2220C}.Release|x86.ActiveCfg = Release|Any CPU
		{CB95E2DC-2912-4184-9697-6CEB92F2220C}.Release|x86.Build.0 = Release|Any CPU
		{454327D5-43C8-4F04-8381-40C356395255}.Debug|Any CPU.ActiveCfg = Debug|Any CPU
		{454327D5-43C8-4F04-8381-40C356395255}.Debug|Any CPU.Build.0 = Debug|Any CPU
		{454327D5-43C8-4F04-8381-40C356395255}.Debug|ARM.ActiveCfg = Debug|Any CPU
		{454327D5-43C8-4F04-8381-40C356395255}.Debug|ARM.Build.0 = Debug|Any CPU
		{454327D5-43C8-4F04-8381-40C356395255}.Debug|x64.ActiveCfg = Debug|Any CPU
		{454327D5-43C8-4F04-8381-40C356395255}.Debug|x64.Build.0 = Debug|Any CPU
		{454327D5-43C8-4F04-8381-40C356395255}.Debug|x86.ActiveCfg = Debug|Any CPU
		{454327D5-43C8-4F04-8381-40C356395255}.Debug|x86.Build.0 = Debug|Any CPU
		{454327D5-43C8-4F04-8381-40C356395255}.Release|Any CPU.ActiveCfg = Release|Any CPU
		{454327D5-43C8-4F04-8381-40C356395255}.Release|Any CPU.Build.0 = Release|Any CPU
		{454327D5-43C8-4F04-8381-40C356395255}.Release|ARM.ActiveCfg = Release|Any CPU
		{454327D5-43C8-4F04-8381-40C356395255}.Release|ARM.Build.0 = Release|Any CPU
		{454327D5-43C8-4F04-8381-40C356395255}.Release|x64.ActiveCfg = Release|Any CPU
		{454327D5-43C8-4F04-8381-40C356395255}.Release|x64.Build.0 = Release|Any CPU
		{454327D5-43C8-4F04-8381-40C356395255}.Release|x86.ActiveCfg = Release|Any CPU
		{454327D5-43C8-4F04-8381-40C356395255}.Release|x86.Build.0 = Release|Any CPU
		{F24ACEDB-8994-4F0B-866B-D5F41C7F2852}.Debug|Any CPU.ActiveCfg = Debug|Any CPU
		{F24ACEDB-8994-4F0B-866B-D5F41C7F2852}.Debug|Any CPU.Build.0 = Debug|Any CPU
		{F24ACEDB-8994-4F0B-866B-D5F41C7F2852}.Debug|ARM.ActiveCfg = Debug|Any CPU
		{F24ACEDB-8994-4F0B-866B-D5F41C7F2852}.Debug|ARM.Build.0 = Debug|Any CPU
		{F24ACEDB-8994-4F0B-866B-D5F41C7F2852}.Debug|x64.ActiveCfg = Debug|Any CPU
		{F24ACEDB-8994-4F0B-866B-D5F41C7F2852}.Debug|x64.Build.0 = Debug|Any CPU
		{F24ACEDB-8994-4F0B-866B-D5F41C7F2852}.Debug|x86.ActiveCfg = Debug|Any CPU
		{F24ACEDB-8994-4F0B-866B-D5F41C7F2852}.Debug|x86.Build.0 = Debug|Any CPU
		{F24ACEDB-8994-4F0B-866B-D5F41C7F2852}.Release|Any CPU.ActiveCfg = Release|Any CPU
		{F24ACEDB-8994-4F0B-866B-D5F41C7F2852}.Release|Any CPU.Build.0 = Release|Any CPU
		{F24ACEDB-8994-4F0B-866B-D5F41C7F2852}.Release|ARM.ActiveCfg = Release|Any CPU
		{F24ACEDB-8994-4F0B-866B-D5F41C7F2852}.Release|ARM.Build.0 = Release|Any CPU
		{F24ACEDB-8994-4F0B-866B-D5F41C7F2852}.Release|x64.ActiveCfg = Release|Any CPU
		{F24ACEDB-8994-4F0B-866B-D5F41C7F2852}.Release|x64.Build.0 = Release|Any CPU
		{F24ACEDB-8994-4F0B-866B-D5F41C7F2852}.Release|x86.ActiveCfg = Release|Any CPU
		{F24ACEDB-8994-4F0B-866B-D5F41C7F2852}.Release|x86.Build.0 = Release|Any CPU
		{40D93F7B-76C4-44F6-B0E6-0CB45AB555A7}.Debug|Any CPU.ActiveCfg = Debug|Any CPU
		{40D93F7B-76C4-44F6-B0E6-0CB45AB555A7}.Debug|Any CPU.Build.0 = Debug|Any CPU
		{40D93F7B-76C4-44F6-B0E6-0CB45AB555A7}.Debug|ARM.ActiveCfg = Debug|Any CPU
		{40D93F7B-76C4-44F6-B0E6-0CB45AB555A7}.Debug|ARM.Build.0 = Debug|Any CPU
		{40D93F7B-76C4-44F6-B0E6-0CB45AB555A7}.Debug|x64.ActiveCfg = Debug|Any CPU
		{40D93F7B-76C4-44F6-B0E6-0CB45AB555A7}.Debug|x64.Build.0 = Debug|Any CPU
		{40D93F7B-76C4-44F6-B0E6-0CB45AB555A7}.Debug|x86.ActiveCfg = Debug|Any CPU
		{40D93F7B-76C4-44F6-B0E6-0CB45AB555A7}.Debug|x86.Build.0 = Debug|Any CPU
		{40D93F7B-76C4-44F6-B0E6-0CB45AB555A7}.Release|Any CPU.ActiveCfg = Release|Any CPU
		{40D93F7B-76C4-44F6-B0E6-0CB45AB555A7}.Release|Any CPU.Build.0 = Release|Any CPU
		{40D93F7B-76C4-44F6-B0E6-0CB45AB555A7}.Release|ARM.ActiveCfg = Release|Any CPU
		{40D93F7B-76C4-44F6-B0E6-0CB45AB555A7}.Release|ARM.Build.0 = Release|Any CPU
		{40D93F7B-76C4-44F6-B0E6-0CB45AB555A7}.Release|x64.ActiveCfg = Release|Any CPU
		{40D93F7B-76C4-44F6-B0E6-0CB45AB555A7}.Release|x64.Build.0 = Release|Any CPU
		{40D93F7B-76C4-44F6-B0E6-0CB45AB555A7}.Release|x86.ActiveCfg = Release|Any CPU
		{40D93F7B-76C4-44F6-B0E6-0CB45AB555A7}.Release|x86.Build.0 = Release|Any CPU
		{FC1F47D6-2A0A-43A0-B0E5-646708BA2687}.Debug|Any CPU.ActiveCfg = Debug|Any CPU
		{FC1F47D6-2A0A-43A0-B0E5-646708BA2687}.Debug|Any CPU.Build.0 = Debug|Any CPU
		{FC1F47D6-2A0A-43A0-B0E5-646708BA2687}.Debug|ARM.ActiveCfg = Debug|Any CPU
		{FC1F47D6-2A0A-43A0-B0E5-646708BA2687}.Debug|ARM.Build.0 = Debug|Any CPU
		{FC1F47D6-2A0A-43A0-B0E5-646708BA2687}.Debug|x64.ActiveCfg = Debug|Any CPU
		{FC1F47D6-2A0A-43A0-B0E5-646708BA2687}.Debug|x64.Build.0 = Debug|Any CPU
		{FC1F47D6-2A0A-43A0-B0E5-646708BA2687}.Debug|x86.ActiveCfg = Debug|Any CPU
		{FC1F47D6-2A0A-43A0-B0E5-646708BA2687}.Debug|x86.Build.0 = Debug|Any CPU
		{FC1F47D6-2A0A-43A0-B0E5-646708BA2687}.Release|Any CPU.ActiveCfg = Release|Any CPU
		{FC1F47D6-2A0A-43A0-B0E5-646708BA2687}.Release|Any CPU.Build.0 = Release|Any CPU
		{FC1F47D6-2A0A-43A0-B0E5-646708BA2687}.Release|ARM.ActiveCfg = Release|Any CPU
		{FC1F47D6-2A0A-43A0-B0E5-646708BA2687}.Release|ARM.Build.0 = Release|Any CPU
		{FC1F47D6-2A0A-43A0-B0E5-646708BA2687}.Release|x64.ActiveCfg = Release|Any CPU
		{FC1F47D6-2A0A-43A0-B0E5-646708BA2687}.Release|x64.Build.0 = Release|Any CPU
		{FC1F47D6-2A0A-43A0-B0E5-646708BA2687}.Release|x86.ActiveCfg = Release|Any CPU
		{FC1F47D6-2A0A-43A0-B0E5-646708BA2687}.Release|x86.Build.0 = Release|Any CPU
	EndGlobalSection
	GlobalSection(SolutionProperties) = preSolution
		HideSolutionNode = FALSE
	EndGlobalSection
	GlobalSection(ExtensibilityGlobals) = postSolution
		SolutionGuid = {193F6610-E8DC-4B32-B18B-400E0A62D607}
	EndGlobalSection
EndGlobal
