
Microsoft Visual Studio Solution File, Format Version 12.00
# Visual Studio 2013
VisualStudioVersion = 12.0.30501.0
MinimumVisualStudioVersion = 10.0.40219.1
Project("{FAE04EC0-301F-11D3-BF4B-00C04F79EFBC}") = "WebApiClient", "WebApiClient\WebApiClient.csproj", "{DC333CC3-7576-45A7-9A17-E5D53F091453}"
EndProject
Global
	GlobalSection(SolutionConfigurationPlatforms) = preSolution
		Debug|Any CPU = Debug|Any CPU
		Release|Any CPU = Release|Any CPU
	EndGlobalSection
	GlobalSection(ProjectConfigurationPlatforms) = postSolution
		{DC333CC3-7576-45A7-9A17-E5D53F091453}.Debug|Any CPU.ActiveCfg = Debug|Any CPU
		{DC333CC3-7576-45A7-9A17-E5D53F091453}.Debug|Any CPU.Build.0 = Debug|Any CPU
		{DC333CC3-7576-45A7-9A17-E5D53F091453}.Release|Any CPU.ActiveCfg = Release|Any CPU
		{DC333CC3-7576-45A7-9A17-E5D53F091453}.Release|Any CPU.Build.0 = Release|Any CPU
	EndGlobalSection
	GlobalSection(SolutionProperties) = preSolution
		HideSolutionNode = FALSE
	EndGlobalSection
EndGlobal
